// !$*UTF8*$!
{
	archiveVersion = 1;
	classes = {
	};
	objectVersion = 46;
	objects = {

/* Begin PBXBuildFile section */
		7981F0BC16395F85009E36F3 /* MPAdapterMap.m in Sources */ = {isa = PBXBuildFile; fileRef = 7981F06616395F85009E36F3 /* MPAdapterMap.m */; };
		7981F0BD16395F85009E36F3 /* MPAdBrowserController.m in Sources */ = {isa = PBXBuildFile; fileRef = 7981F06816395F85009E36F3 /* MPAdBrowserController.m */; };
		7981F0BE16395F85009E36F3 /* MPAdConversionTracker.m in Sources */ = {isa = PBXBuildFile; fileRef = 7981F06B16395F85009E36F3 /* MPAdConversionTracker.m */; };
		7981F0BF16395F85009E36F3 /* MPAdManager.m in Sources */ = {isa = PBXBuildFile; fileRef = 7981F06D16395F85009E36F3 /* MPAdManager.m */; };
		7981F0C016395F85009E36F3 /* MPAdView.m in Sources */ = {isa = PBXBuildFile; fileRef = 7981F06F16395F85009E36F3 /* MPAdView.m */; };
		7981F0C116395F85009E36F3 /* MPBaseAdapter.m in Sources */ = {isa = PBXBuildFile; fileRef = 7981F07116395F85009E36F3 /* MPBaseAdapter.m */; };
		7981F0C216395F85009E36F3 /* MPBaseInterstitialAdapter.m in Sources */ = {isa = PBXBuildFile; fileRef = 7981F07316395F85009E36F3 /* MPBaseInterstitialAdapter.m */; };
		7981F0C316395F85009E36F3 /* MPCustomEventAdapter.m in Sources */ = {isa = PBXBuildFile; fileRef = 7981F07816395F85009E36F3 /* MPCustomEventAdapter.m */; };
		7981F0C416395F85009E36F3 /* MPFacebookKeywordProvider.m in Sources */ = {isa = PBXBuildFile; fileRef = 7981F07A16395F85009E36F3 /* MPFacebookKeywordProvider.m */; };
		7981F0C516395F85009E36F3 /* MPGlobal.m in Sources */ = {isa = PBXBuildFile; fileRef = 7981F07C16395F85009E36F3 /* MPGlobal.m */; };
		7981F0C616395F85009E36F3 /* MPInterstitialAdapter.m in Sources */ = {isa = PBXBuildFile; fileRef = 7981F07E16395F85009E36F3 /* MPInterstitialAdapter.m */; };
		7981F0C716395F85009E36F3 /* MPInterstitialAdController.m in Sources */ = {isa = PBXBuildFile; fileRef = 7981F08016395F85009E36F3 /* MPInterstitialAdController.m */; };
		7981F0C816395F85009E36F3 /* MPLogging.m in Sources */ = {isa = PBXBuildFile; fileRef = 7981F08316395F85009E36F3 /* MPLogging.m */; };
		7981F0C916395F85009E36F3 /* MPMraidAdapter.m in Sources */ = {isa = PBXBuildFile; fileRef = 7981F08516395F85009E36F3 /* MPMraidAdapter.m */; };
		7981F0CA16395F85009E36F3 /* MPMraidInterstitialAdapter.m in Sources */ = {isa = PBXBuildFile; fileRef = 7981F08716395F85009E36F3 /* MPMraidInterstitialAdapter.m */; };
		7981F0CB16395F85009E36F3 /* MPProgressOverlayView.m in Sources */ = {isa = PBXBuildFile; fileRef = 7981F08916395F85009E36F3 /* MPProgressOverlayView.m */; };
		7981F0CC16395F85009E36F3 /* MPStore.m in Sources */ = {isa = PBXBuildFile; fileRef = 7981F08B16395F85009E36F3 /* MPStore.m */; };
		7981F0CD16395F85009E36F3 /* MPTimer.m in Sources */ = {isa = PBXBuildFile; fileRef = 7981F08D16395F85009E36F3 /* MPTimer.m */; };
		7981F0CE16395F85009E36F3 /* MRAdView.m in Sources */ = {isa = PBXBuildFile; fileRef = 7981F09216395F85009E36F3 /* MRAdView.m */; };
		7981F0CF16395F85009E36F3 /* MRAdViewBrowsingController.m in Sources */ = {isa = PBXBuildFile; fileRef = 7981F09416395F85009E36F3 /* MRAdViewBrowsingController.m */; };
		7981F0D016395F85009E36F3 /* MRAdViewDisplayController.m in Sources */ = {isa = PBXBuildFile; fileRef = 7981F09616395F85009E36F3 /* MRAdViewDisplayController.m */; };
		7981F0D116395F85009E36F3 /* MRCommand.m in Sources */ = {isa = PBXBuildFile; fileRef = 7981F09816395F85009E36F3 /* MRCommand.m */; };
		7981F0D216395F85009E36F3 /* MRDimmingView.m in Sources */ = {isa = PBXBuildFile; fileRef = 7981F09A16395F85009E36F3 /* MRDimmingView.m */; };
		7981F0D316395F85009E36F3 /* MRProperty.m in Sources */ = {isa = PBXBuildFile; fileRef = 7981F09C16395F85009E36F3 /* MRProperty.m */; };
		7981F0D416395F85009E36F3 /* UIWebView+MPAdditions.m in Sources */ = {isa = PBXBuildFile; fileRef = 7981F0A016395F85009E36F3 /* UIWebView+MPAdditions.m */; };
		7981F0D516395F85009E36F3 /* CDataScanner.m in Sources */ = {isa = PBXBuildFile; fileRef = 7981F0A316395F85009E36F3 /* CDataScanner.m */; };
		7981F0D616395F85009E36F3 /* CFilteringJSONSerializer.m in Sources */ = {isa = PBXBuildFile; fileRef = 7981F0A616395F85009E36F3 /* CFilteringJSONSerializer.m */; };
		7981F0D716395F85009E36F3 /* CJSONDeserializer_BlocksExtensions.m in Sources */ = {isa = PBXBuildFile; fileRef = 7981F0A816395F85009E36F3 /* CJSONDeserializer_BlocksExtensions.m */; };
		7981F0D816395F85009E36F3 /* CJSONSerialization.m in Sources */ = {isa = PBXBuildFile; fileRef = 7981F0AA16395F85009E36F3 /* CJSONSerialization.m */; };
		7981F0D916395F85009E36F3 /* CJSONSerializedData.m in Sources */ = {isa = PBXBuildFile; fileRef = 7981F0AC16395F85009E36F3 /* CJSONSerializedData.m */; };
		7981F0DA16395F85009E36F3 /* CDataScanner_Extensions.m in Sources */ = {isa = PBXBuildFile; fileRef = 7981F0AF16395F85009E36F3 /* CDataScanner_Extensions.m */; };
		7981F0DB16395F85009E36F3 /* NSDictionary_JSONExtensions.m in Sources */ = {isa = PBXBuildFile; fileRef = 7981F0B116395F85009E36F3 /* NSDictionary_JSONExtensions.m */; };
		7981F0DC16395F85009E36F3 /* CJSONDeserializer.m in Sources */ = {isa = PBXBuildFile; fileRef = 7981F0B416395F85009E36F3 /* CJSONDeserializer.m */; };
		7981F0DD16395F85009E36F3 /* CJSONScanner.m in Sources */ = {isa = PBXBuildFile; fileRef = 7981F0B616395F85009E36F3 /* CJSONScanner.m */; };
		7981F0DE16395F85009E36F3 /* CJSONSerializer.m in Sources */ = {isa = PBXBuildFile; fileRef = 7981F0B816395F85009E36F3 /* CJSONSerializer.m */; };
		79A6D48C1636C14D009DA60A /* Foundation.framework in Frameworks */ = {isa = PBXBuildFile; fileRef = 79A6D48B1636C14D009DA60A /* Foundation.framework */; };
		79A6D4931636C14D009DA60A /* MoPubIosExtension.m in Sources */ = {isa = PBXBuildFile; fileRef = 79A6D4921636C14D009DA60A /* MoPubIosExtension.m */; };
		79A6D4A81636DB1D009DA60A /* MoPub_TypeConversion.m in Sources */ = {isa = PBXBuildFile; fileRef = 79A6D4A71636DB1D009DA60A /* MoPub_TypeConversion.m */; };
		79A6D52E1636DFB1009DA60A /* CoreLocation.framework in Frameworks */ = {isa = PBXBuildFile; fileRef = 79A6D52A1636DFB1009DA60A /* CoreLocation.framework */; };
		79A6D52F1636DFB1009DA60A /* iAd.framework in Frameworks */ = {isa = PBXBuildFile; fileRef = 79A6D52B1636DFB1009DA60A /* iAd.framework */; settings = {ATTRIBUTES = (Weak, ); }; };
		79A6D5301636DFB1009DA60A /* StoreKit.framework in Frameworks */ = {isa = PBXBuildFile; fileRef = 79A6D52C1636DFB1009DA60A /* StoreKit.framework */; };
		79A6D5321636DFE1009DA60A /* UIKit.framework in Frameworks */ = {isa = PBXBuildFile; fileRef = 79A6D52D1636DFB1009DA60A /* UIKit.framework */; };
		79A6D5351636E4A9009DA60A /* MoPubBanner.m in Sources */ = {isa = PBXBuildFile; fileRef = 79A6D5341636E4A9009DA60A /* MoPubBanner.m */; };
/* End PBXBuildFile section */

/* Begin PBXCopyFilesBuildPhase section */
		79A6D4861636C14C009DA60A /* CopyFiles */ = {
			isa = PBXCopyFilesBuildPhase;
			buildActionMask = 2147483647;
			dstPath = "include/${PRODUCT_NAME}";
			dstSubfolderSpec = 16;
			files = (
			);
			runOnlyForDeploymentPostprocessing = 0;
		};
/* End PBXCopyFilesBuildPhase section */

/* Begin PBXFileReference section */
		7981F06016395F85009E36F3 /* MPAdManager+MPAdViewFriend.h */ = {isa = PBXFileReference; fileEncoding = 4; lastKnownFileType = sourcecode.c.h; path = "MPAdManager+MPAdViewFriend.h"; sourceTree = "<group>"; };
		7981F06116395F85009E36F3 /* MPAdManager+MPInterstitialAdControllerFriend.h */ = {isa = PBXFileReference; fileEncoding = 4; lastKnownFileType = sourcecode.c.h; path = "MPAdManager+MPInterstitialAdControllerFriend.h"; sourceTree = "<group>"; };
		7981F06216395F85009E36F3 /* MPAdView+MPAdManagerFriend.h */ = {isa = PBXFileReference; fileEncoding = 4; lastKnownFileType = sourcecode.c.h; path = "MPAdView+MPAdManagerFriend.h"; sourceTree = "<group>"; };
		7981F06316395F85009E36F3 /* MPAdView+MPInterstitialAdControllerFriend.h */ = {isa = PBXFileReference; fileEncoding = 4; lastKnownFileType = sourcecode.c.h; path = "MPAdView+MPInterstitialAdControllerFriend.h"; sourceTree = "<group>"; };
		7981F06416395F85009E36F3 /* MPInterstitialAdController+MPCustomEventAdapterFriend.h */ = {isa = PBXFileReference; fileEncoding = 4; lastKnownFileType = sourcecode.c.h; path = "MPInterstitialAdController+MPCustomEventAdapterFriend.h"; sourceTree = "<group>"; };
		7981F06516395F85009E36F3 /* MPAdapterMap.h */ = {isa = PBXFileReference; fileEncoding = 4; lastKnownFileType = sourcecode.c.h; path = MPAdapterMap.h; sourceTree = "<group>"; };
		7981F06616395F85009E36F3 /* MPAdapterMap.m */ = {isa = PBXFileReference; fileEncoding = 4; lastKnownFileType = sourcecode.c.objc; path = MPAdapterMap.m; sourceTree = "<group>"; };
		7981F06716395F85009E36F3 /* MPAdBrowserController.h */ = {isa = PBXFileReference; fileEncoding = 4; lastKnownFileType = sourcecode.c.h; path = MPAdBrowserController.h; sourceTree = "<group>"; };
		7981F06816395F85009E36F3 /* MPAdBrowserController.m */ = {isa = PBXFileReference; fileEncoding = 4; lastKnownFileType = sourcecode.c.objc; path = MPAdBrowserController.m; sourceTree = "<group>"; };
		7981F06916395F85009E36F3 /* MPAdBrowserController.xib */ = {isa = PBXFileReference; fileEncoding = 4; lastKnownFileType = file.xib; path = MPAdBrowserController.xib; sourceTree = "<group>"; };
		7981F06A16395F85009E36F3 /* MPAdConversionTracker.h */ = {isa = PBXFileReference; fileEncoding = 4; lastKnownFileType = sourcecode.c.h; path = MPAdConversionTracker.h; sourceTree = "<group>"; };
		7981F06B16395F85009E36F3 /* MPAdConversionTracker.m */ = {isa = PBXFileReference; fileEncoding = 4; lastKnownFileType = sourcecode.c.objc; path = MPAdConversionTracker.m; sourceTree = "<group>"; };
		7981F06C16395F85009E36F3 /* MPAdManager.h */ = {isa = PBXFileReference; fileEncoding = 4; lastKnownFileType = sourcecode.c.h; path = MPAdManager.h; sourceTree = "<group>"; };
		7981F06D16395F85009E36F3 /* MPAdManager.m */ = {isa = PBXFileReference; fileEncoding = 4; lastKnownFileType = sourcecode.c.objc; path = MPAdManager.m; sourceTree = "<group>"; };
		7981F06E16395F85009E36F3 /* MPAdView.h */ = {isa = PBXFileReference; fileEncoding = 4; lastKnownFileType = sourcecode.c.h; path = MPAdView.h; sourceTree = "<group>"; };
		7981F06F16395F85009E36F3 /* MPAdView.m */ = {isa = PBXFileReference; fileEncoding = 4; lastKnownFileType = sourcecode.c.objc; path = MPAdView.m; sourceTree = "<group>"; };
		7981F07016395F85009E36F3 /* MPBaseAdapter.h */ = {isa = PBXFileReference; fileEncoding = 4; lastKnownFileType = sourcecode.c.h; path = MPBaseAdapter.h; sourceTree = "<group>"; };
		7981F07116395F85009E36F3 /* MPBaseAdapter.m */ = {isa = PBXFileReference; fileEncoding = 4; lastKnownFileType = sourcecode.c.objc; path = MPBaseAdapter.m; sourceTree = "<group>"; };
		7981F07216395F85009E36F3 /* MPBaseInterstitialAdapter.h */ = {isa = PBXFileReference; fileEncoding = 4; lastKnownFileType = sourcecode.c.h; path = MPBaseInterstitialAdapter.h; sourceTree = "<group>"; };
		7981F07316395F85009E36F3 /* MPBaseInterstitialAdapter.m */ = {isa = PBXFileReference; fileEncoding = 4; lastKnownFileType = sourcecode.c.objc; path = MPBaseInterstitialAdapter.m; sourceTree = "<group>"; };
		7981F07416395F85009E36F3 /* MPCloseButtonX.png */ = {isa = PBXFileReference; lastKnownFileType = image.png; path = MPCloseButtonX.png; sourceTree = "<group>"; };
		7981F07516395F85009E36F3 /* MPCloseButtonX@2x.png */ = {isa = PBXFileReference; lastKnownFileType = image.png; path = "MPCloseButtonX@2x.png"; sourceTree = "<group>"; };
		7981F07616395F85009E36F3 /* MPConstants.h */ = {isa = PBXFileReference; fileEncoding = 4; lastKnownFileType = sourcecode.c.h; path = MPConstants.h; sourceTree = "<group>"; };
		7981F07716395F85009E36F3 /* MPCustomEventAdapter.h */ = {isa = PBXFileReference; fileEncoding = 4; lastKnownFileType = sourcecode.c.h; path = MPCustomEventAdapter.h; sourceTree = "<group>"; };
		7981F07816395F85009E36F3 /* MPCustomEventAdapter.m */ = {isa = PBXFileReference; fileEncoding = 4; lastKnownFileType = sourcecode.c.objc; path = MPCustomEventAdapter.m; sourceTree = "<group>"; };
		7981F07916395F85009E36F3 /* MPFacebookKeywordProvider.h */ = {isa = PBXFileReference; fileEncoding = 4; lastKnownFileType = sourcecode.c.h; path = MPFacebookKeywordProvider.h; sourceTree = "<group>"; };
		7981F07A16395F85009E36F3 /* MPFacebookKeywordProvider.m */ = {isa = PBXFileReference; fileEncoding = 4; lastKnownFileType = sourcecode.c.objc; path = MPFacebookKeywordProvider.m; sourceTree = "<group>"; };
		7981F07B16395F85009E36F3 /* MPGlobal.h */ = {isa = PBXFileReference; fileEncoding = 4; lastKnownFileType = sourcecode.c.h; path = MPGlobal.h; sourceTree = "<group>"; };
		7981F07C16395F85009E36F3 /* MPGlobal.m */ = {isa = PBXFileReference; fileEncoding = 4; lastKnownFileType = sourcecode.c.objc; path = MPGlobal.m; sourceTree = "<group>"; };
		7981F07D16395F85009E36F3 /* MPInterstitialAdapter.h */ = {isa = PBXFileReference; fileEncoding = 4; lastKnownFileType = sourcecode.c.h; path = MPInterstitialAdapter.h; sourceTree = "<group>"; };
		7981F07E16395F85009E36F3 /* MPInterstitialAdapter.m */ = {isa = PBXFileReference; fileEncoding = 4; lastKnownFileType = sourcecode.c.objc; path = MPInterstitialAdapter.m; sourceTree = "<group>"; };
		7981F07F16395F85009E36F3 /* MPInterstitialAdController.h */ = {isa = PBXFileReference; fileEncoding = 4; lastKnownFileType = sourcecode.c.h; path = MPInterstitialAdController.h; sourceTree = "<group>"; };
		7981F08016395F85009E36F3 /* MPInterstitialAdController.m */ = {isa = PBXFileReference; fileEncoding = 4; lastKnownFileType = sourcecode.c.objc; path = MPInterstitialAdController.m; sourceTree = "<group>"; };
		7981F08116395F85009E36F3 /* MPKeywordProvider.h */ = {isa = PBXFileReference; fileEncoding = 4; lastKnownFileType = sourcecode.c.h; path = MPKeywordProvider.h; sourceTree = "<group>"; };
		7981F08216395F85009E36F3 /* MPLogging.h */ = {isa = PBXFileReference; fileEncoding = 4; lastKnownFileType = sourcecode.c.h; path = MPLogging.h; sourceTree = "<group>"; };
		7981F08316395F85009E36F3 /* MPLogging.m */ = {isa = PBXFileReference; fileEncoding = 4; lastKnownFileType = sourcecode.c.objc; path = MPLogging.m; sourceTree = "<group>"; };
		7981F08416395F85009E36F3 /* MPMraidAdapter.h */ = {isa = PBXFileReference; fileEncoding = 4; lastKnownFileType = sourcecode.c.h; path = MPMraidAdapter.h; sourceTree = "<group>"; };
		7981F08516395F85009E36F3 /* MPMraidAdapter.m */ = {isa = PBXFileReference; fileEncoding = 4; lastKnownFileType = sourcecode.c.objc; path = MPMraidAdapter.m; sourceTree = "<group>"; };
		7981F08616395F85009E36F3 /* MPMraidInterstitialAdapter.h */ = {isa = PBXFileReference; fileEncoding = 4; lastKnownFileType = sourcecode.c.h; path = MPMraidInterstitialAdapter.h; sourceTree = "<group>"; };
		7981F08716395F85009E36F3 /* MPMraidInterstitialAdapter.m */ = {isa = PBXFileReference; fileEncoding = 4; lastKnownFileType = sourcecode.c.objc; path = MPMraidInterstitialAdapter.m; sourceTree = "<group>"; };
		7981F08816395F85009E36F3 /* MPProgressOverlayView.h */ = {isa = PBXFileReference; fileEncoding = 4; lastKnownFileType = sourcecode.c.h; path = MPProgressOverlayView.h; sourceTree = "<group>"; };
		7981F08916395F85009E36F3 /* MPProgressOverlayView.m */ = {isa = PBXFileReference; fileEncoding = 4; lastKnownFileType = sourcecode.c.objc; path = MPProgressOverlayView.m; sourceTree = "<group>"; };
		7981F08A16395F85009E36F3 /* MPStore.h */ = {isa = PBXFileReference; fileEncoding = 4; lastKnownFileType = sourcecode.c.h; path = MPStore.h; sourceTree = "<group>"; };
		7981F08B16395F85009E36F3 /* MPStore.m */ = {isa = PBXFileReference; fileEncoding = 4; lastKnownFileType = sourcecode.c.objc; path = MPStore.m; sourceTree = "<group>"; };
		7981F08C16395F85009E36F3 /* MPTimer.h */ = {isa = PBXFileReference; fileEncoding = 4; lastKnownFileType = sourcecode.c.h; path = MPTimer.h; sourceTree = "<group>"; };
		7981F08D16395F85009E36F3 /* MPTimer.m */ = {isa = PBXFileReference; fileEncoding = 4; lastKnownFileType = sourcecode.c.objc; path = MPTimer.m; sourceTree = "<group>"; };
		7981F08F16395F85009E36F3 /* LICENSE */ = {isa = PBXFileReference; fileEncoding = 4; lastKnownFileType = text; path = LICENSE; sourceTree = "<group>"; };
		7981F09016395F85009E36F3 /* MRAdView+Controllers.h */ = {isa = PBXFileReference; fileEncoding = 4; lastKnownFileType = sourcecode.c.h; path = "MRAdView+Controllers.h"; sourceTree = "<group>"; };
		7981F09116395F85009E36F3 /* MRAdView.h */ = {isa = PBXFileReference; fileEncoding = 4; lastKnownFileType = sourcecode.c.h; path = MRAdView.h; sourceTree = "<group>"; };
		7981F09216395F85009E36F3 /* MRAdView.m */ = {isa = PBXFileReference; fileEncoding = 4; lastKnownFileType = sourcecode.c.objc; path = MRAdView.m; sourceTree = "<group>"; };
		7981F09316395F85009E36F3 /* MRAdViewBrowsingController.h */ = {isa = PBXFileReference; fileEncoding = 4; lastKnownFileType = sourcecode.c.h; path = MRAdViewBrowsingController.h; sourceTree = "<group>"; };
		7981F09416395F85009E36F3 /* MRAdViewBrowsingController.m */ = {isa = PBXFileReference; fileEncoding = 4; lastKnownFileType = sourcecode.c.objc; path = MRAdViewBrowsingController.m; sourceTree = "<group>"; };
		7981F09516395F85009E36F3 /* MRAdViewDisplayController.h */ = {isa = PBXFileReference; fileEncoding = 4; lastKnownFileType = sourcecode.c.h; path = MRAdViewDisplayController.h; sourceTree = "<group>"; };
		7981F09616395F85009E36F3 /* MRAdViewDisplayController.m */ = {isa = PBXFileReference; fileEncoding = 4; lastKnownFileType = sourcecode.c.objc; path = MRAdViewDisplayController.m; sourceTree = "<group>"; };
		7981F09716395F85009E36F3 /* MRCommand.h */ = {isa = PBXFileReference; fileEncoding = 4; lastKnownFileType = sourcecode.c.h; path = MRCommand.h; sourceTree = "<group>"; };
		7981F09816395F85009E36F3 /* MRCommand.m */ = {isa = PBXFileReference; fileEncoding = 4; lastKnownFileType = sourcecode.c.objc; path = MRCommand.m; sourceTree = "<group>"; };
		7981F09916395F85009E36F3 /* MRDimmingView.h */ = {isa = PBXFileReference; fileEncoding = 4; lastKnownFileType = sourcecode.c.h; path = MRDimmingView.h; sourceTree = "<group>"; };
		7981F09A16395F85009E36F3 /* MRDimmingView.m */ = {isa = PBXFileReference; fileEncoding = 4; lastKnownFileType = sourcecode.c.objc; path = MRDimmingView.m; sourceTree = "<group>"; };
		7981F09B16395F85009E36F3 /* MRProperty.h */ = {isa = PBXFileReference; fileEncoding = 4; lastKnownFileType = sourcecode.c.h; path = MRProperty.h; sourceTree = "<group>"; };
		7981F09C16395F85009E36F3 /* MRProperty.m */ = {isa = PBXFileReference; fileEncoding = 4; lastKnownFileType = sourcecode.c.objc; path = MRProperty.m; sourceTree = "<group>"; };
		7981F09D16395F85009E36F3 /* MRAID.bundle */ = {isa = PBXFileReference; lastKnownFileType = "wrapper.plug-in"; path = MRAID.bundle; sourceTree = "<group>"; };
		7981F09F16395F85009E36F3 /* UIWebView+MPAdditions.h */ = {isa = PBXFileReference; fileEncoding = 4; lastKnownFileType = sourcecode.c.h; path = "UIWebView+MPAdditions.h"; sourceTree = "<group>"; };
		7981F0A016395F85009E36F3 /* UIWebView+MPAdditions.m */ = {isa = PBXFileReference; fileEncoding = 4; lastKnownFileType = sourcecode.c.objc; path = "UIWebView+MPAdditions.m"; sourceTree = "<group>"; };
		7981F0A216395F85009E36F3 /* CDataScanner.h */ = {isa = PBXFileReference; fileEncoding = 4; lastKnownFileType = sourcecode.c.h; path = CDataScanner.h; sourceTree = "<group>"; };
		7981F0A316395F85009E36F3 /* CDataScanner.m */ = {isa = PBXFileReference; fileEncoding = 4; lastKnownFileType = sourcecode.c.objc; path = CDataScanner.m; sourceTree = "<group>"; };
		7981F0A516395F85009E36F3 /* CFilteringJSONSerializer.h */ = {isa = PBXFileReference; fileEncoding = 4; lastKnownFileType = sourcecode.c.h; path = CFilteringJSONSerializer.h; sourceTree = "<group>"; };
		7981F0A616395F85009E36F3 /* CFilteringJSONSerializer.m */ = {isa = PBXFileReference; fileEncoding = 4; lastKnownFileType = sourcecode.c.objc; path = CFilteringJSONSerializer.m; sourceTree = "<group>"; };
		7981F0A716395F85009E36F3 /* CJSONDeserializer_BlocksExtensions.h */ = {isa = PBXFileReference; fileEncoding = 4; lastKnownFileType = sourcecode.c.h; path = CJSONDeserializer_BlocksExtensions.h; sourceTree = "<group>"; };
		7981F0A816395F85009E36F3 /* CJSONDeserializer_BlocksExtensions.m */ = {isa = PBXFileReference; fileEncoding = 4; lastKnownFileType = sourcecode.c.objc; path = CJSONDeserializer_BlocksExtensions.m; sourceTree = "<group>"; };
		7981F0A916395F85009E36F3 /* CJSONSerialization.h */ = {isa = PBXFileReference; fileEncoding = 4; lastKnownFileType = sourcecode.c.h; path = CJSONSerialization.h; sourceTree = "<group>"; };
		7981F0AA16395F85009E36F3 /* CJSONSerialization.m */ = {isa = PBXFileReference; fileEncoding = 4; lastKnownFileType = sourcecode.c.objc; path = CJSONSerialization.m; sourceTree = "<group>"; };
		7981F0AB16395F85009E36F3 /* CJSONSerializedData.h */ = {isa = PBXFileReference; fileEncoding = 4; lastKnownFileType = sourcecode.c.h; path = CJSONSerializedData.h; sourceTree = "<group>"; };
		7981F0AC16395F85009E36F3 /* CJSONSerializedData.m */ = {isa = PBXFileReference; fileEncoding = 4; lastKnownFileType = sourcecode.c.objc; path = CJSONSerializedData.m; sourceTree = "<group>"; };
		7981F0AE16395F85009E36F3 /* CDataScanner_Extensions.h */ = {isa = PBXFileReference; fileEncoding = 4; lastKnownFileType = sourcecode.c.h; path = CDataScanner_Extensions.h; sourceTree = "<group>"; };
		7981F0AF16395F85009E36F3 /* CDataScanner_Extensions.m */ = {isa = PBXFileReference; fileEncoding = 4; lastKnownFileType = sourcecode.c.objc; path = CDataScanner_Extensions.m; sourceTree = "<group>"; };
		7981F0B016395F85009E36F3 /* NSDictionary_JSONExtensions.h */ = {isa = PBXFileReference; fileEncoding = 4; lastKnownFileType = sourcecode.c.h; path = NSDictionary_JSONExtensions.h; sourceTree = "<group>"; };
		7981F0B116395F85009E36F3 /* NSDictionary_JSONExtensions.m */ = {isa = PBXFileReference; fileEncoding = 4; lastKnownFileType = sourcecode.c.objc; path = NSDictionary_JSONExtensions.m; sourceTree = "<group>"; };
		7981F0B316395F85009E36F3 /* CJSONDeserializer.h */ = {isa = PBXFileReference; fileEncoding = 4; lastKnownFileType = sourcecode.c.h; path = CJSONDeserializer.h; sourceTree = "<group>"; };
		7981F0B416395F85009E36F3 /* CJSONDeserializer.m */ = {isa = PBXFileReference; fileEncoding = 4; lastKnownFileType = sourcecode.c.objc; path = CJSONDeserializer.m; sourceTree = "<group>"; };
		7981F0B516395F85009E36F3 /* CJSONScanner.h */ = {isa = PBXFileReference; fileEncoding = 4; lastKnownFileType = sourcecode.c.h; path = CJSONScanner.h; sourceTree = "<group>"; };
		7981F0B616395F85009E36F3 /* CJSONScanner.m */ = {isa = PBXFileReference; fileEncoding = 4; lastKnownFileType = sourcecode.c.objc; path = CJSONScanner.m; sourceTree = "<group>"; };
		7981F0B716395F85009E36F3 /* CJSONSerializer.h */ = {isa = PBXFileReference; fileEncoding = 4; lastKnownFileType = sourcecode.c.h; path = CJSONSerializer.h; sourceTree = "<group>"; };
		7981F0B816395F85009E36F3 /* CJSONSerializer.m */ = {isa = PBXFileReference; fileEncoding = 4; lastKnownFileType = sourcecode.c.objc; path = CJSONSerializer.m; sourceTree = "<group>"; };
		7981F0B916395F85009E36F3 /* JSONRepresentation.h */ = {isa = PBXFileReference; fileEncoding = 4; lastKnownFileType = sourcecode.c.h; path = JSONRepresentation.h; sourceTree = "<group>"; };
		7981F0BA16395F85009E36F3 /* LICENSE.txt */ = {isa = PBXFileReference; fileEncoding = 4; lastKnownFileType = text; path = LICENSE.txt; sourceTree = "<group>"; };
		7981F0BB16395F85009E36F3 /* README.markdown */ = {isa = PBXFileReference; fileEncoding = 4; lastKnownFileType = text; path = README.markdown; sourceTree = "<group>"; };
		798280F71638070D00DC7413 /* MoPub_Messages.h */ = {isa = PBXFileReference; lastKnownFileType = sourcecode.c.h; path = MoPub_Messages.h; sourceTree = "<group>"; };
		79A6D4881636C14D009DA60A /* libMoPubIosExtension.a */ = {isa = PBXFileReference; explicitFileType = archive.ar; includeInIndex = 0; path = libMoPubIosExtension.a; sourceTree = BUILT_PRODUCTS_DIR; };
		79A6D48B1636C14D009DA60A /* Foundation.framework */ = {isa = PBXFileReference; lastKnownFileType = wrapper.framework; name = Foundation.framework; path = System/Library/Frameworks/Foundation.framework; sourceTree = SDKROOT; };
		79A6D4921636C14D009DA60A /* MoPubIosExtension.m */ = {isa = PBXFileReference; lastKnownFileType = sourcecode.c.objc; path = MoPubIosExtension.m; sourceTree = "<group>"; };
		79A6D49F1636D8DA009DA60A /* FlashRuntimeExtensions.h */ = {isa = PBXFileReference; fileEncoding = 4; lastKnownFileType = sourcecode.c.h; path = FlashRuntimeExtensions.h; sourceTree = "<group>"; };
		79A6D4A61636DB1D009DA60A /* MoPub_TypeConversion.h */ = {isa = PBXFileReference; fileEncoding = 4; lastKnownFileType = sourcecode.c.h; path = MoPub_TypeConversion.h; sourceTree = "<group>"; };
		79A6D4A71636DB1D009DA60A /* MoPub_TypeConversion.m */ = {isa = PBXFileReference; fileEncoding = 4; lastKnownFileType = sourcecode.c.objc; path = MoPub_TypeConversion.m; sourceTree = "<group>"; };
		79A6D52A1636DFB1009DA60A /* CoreLocation.framework */ = {isa = PBXFileReference; lastKnownFileType = wrapper.framework; name = CoreLocation.framework; path = System/Library/Frameworks/CoreLocation.framework; sourceTree = SDKROOT; };
		79A6D52B1636DFB1009DA60A /* iAd.framework */ = {isa = PBXFileReference; lastKnownFileType = wrapper.framework; name = iAd.framework; path = System/Library/Frameworks/iAd.framework; sourceTree = SDKROOT; };
		79A6D52C1636DFB1009DA60A /* StoreKit.framework */ = {isa = PBXFileReference; lastKnownFileType = wrapper.framework; name = StoreKit.framework; path = System/Library/Frameworks/StoreKit.framework; sourceTree = SDKROOT; };
		79A6D52D1636DFB1009DA60A /* UIKit.framework */ = {isa = PBXFileReference; lastKnownFileType = wrapper.framework; name = UIKit.framework; path = System/Library/Frameworks/UIKit.framework; sourceTree = SDKROOT; };
		79A6D5331636E4A9009DA60A /* MoPubBanner.h */ = {isa = PBXFileReference; fileEncoding = 4; lastKnownFileType = sourcecode.c.h; path = MoPubBanner.h; sourceTree = "<group>"; };
		79A6D5341636E4A9009DA60A /* MoPubBanner.m */ = {isa = PBXFileReference; fileEncoding = 4; lastKnownFileType = sourcecode.c.objc; path = MoPubBanner.m; sourceTree = "<group>"; };
/* End PBXFileReference section */

/* Begin PBXFrameworksBuildPhase section */
		79A6D4851636C14C009DA60A /* Frameworks */ = {
			isa = PBXFrameworksBuildPhase;
			buildActionMask = 2147483647;
			files = (
				79A6D48C1636C14D009DA60A /* Foundation.framework in Frameworks */,
				79A6D5321636DFE1009DA60A /* UIKit.framework in Frameworks */,
				79A6D52E1636DFB1009DA60A /* CoreLocation.framework in Frameworks */,
				79A6D5301636DFB1009DA60A /* StoreKit.framework in Frameworks */,
				79A6D52F1636DFB1009DA60A /* iAd.framework in Frameworks */,
			);
			runOnlyForDeploymentPostprocessing = 0;
		};
/* End PBXFrameworksBuildPhase section */

/* Begin PBXGroup section */
		7981F05E16395F85009E36F3 /* MoPubSDK */ = {
			isa = PBXGroup;
			children = (
				7981F05F16395F85009E36F3 /* Friend Categories */,
				7981F06516395F85009E36F3 /* MPAdapterMap.h */,
				7981F06616395F85009E36F3 /* MPAdapterMap.m */,
				7981F06716395F85009E36F3 /* MPAdBrowserController.h */,
				7981F06816395F85009E36F3 /* MPAdBrowserController.m */,
				7981F06916395F85009E36F3 /* MPAdBrowserController.xib */,
				7981F06A16395F85009E36F3 /* MPAdConversionTracker.h */,
				7981F06B16395F85009E36F3 /* MPAdConversionTracker.m */,
				7981F06C16395F85009E36F3 /* MPAdManager.h */,
				7981F06D16395F85009E36F3 /* MPAdManager.m */,
				7981F06E16395F85009E36F3 /* MPAdView.h */,
				7981F06F16395F85009E36F3 /* MPAdView.m */,
				7981F07016395F85009E36F3 /* MPBaseAdapter.h */,
				7981F07116395F85009E36F3 /* MPBaseAdapter.m */,
				7981F07216395F85009E36F3 /* MPBaseInterstitialAdapter.h */,
				7981F07316395F85009E36F3 /* MPBaseInterstitialAdapter.m */,
				7981F07416395F85009E36F3 /* MPCloseButtonX.png */,
				7981F07516395F85009E36F3 /* MPCloseButtonX@2x.png */,
				7981F07616395F85009E36F3 /* MPConstants.h */,
				7981F07716395F85009E36F3 /* MPCustomEventAdapter.h */,
				7981F07816395F85009E36F3 /* MPCustomEventAdapter.m */,
				7981F07916395F85009E36F3 /* MPFacebookKeywordProvider.h */,
				7981F07A16395F85009E36F3 /* MPFacebookKeywordProvider.m */,
				7981F07B16395F85009E36F3 /* MPGlobal.h */,
				7981F07C16395F85009E36F3 /* MPGlobal.m */,
				7981F07D16395F85009E36F3 /* MPInterstitialAdapter.h */,
				7981F07E16395F85009E36F3 /* MPInterstitialAdapter.m */,
				7981F07F16395F85009E36F3 /* MPInterstitialAdController.h */,
				7981F08016395F85009E36F3 /* MPInterstitialAdController.m */,
				7981F08116395F85009E36F3 /* MPKeywordProvider.h */,
				7981F08216395F85009E36F3 /* MPLogging.h */,
				7981F08316395F85009E36F3 /* MPLogging.m */,
				7981F08416395F85009E36F3 /* MPMraidAdapter.h */,
				7981F08516395F85009E36F3 /* MPMraidAdapter.m */,
				7981F08616395F85009E36F3 /* MPMraidInterstitialAdapter.h */,
				7981F08716395F85009E36F3 /* MPMraidInterstitialAdapter.m */,
				7981F08816395F85009E36F3 /* MPProgressOverlayView.h */,
				7981F08916395F85009E36F3 /* MPProgressOverlayView.m */,
				7981F08A16395F85009E36F3 /* MPStore.h */,
				7981F08B16395F85009E36F3 /* MPStore.m */,
				7981F08C16395F85009E36F3 /* MPTimer.h */,
				7981F08D16395F85009E36F3 /* MPTimer.m */,
				7981F08E16395F85009E36F3 /* MRAID */,
				7981F09D16395F85009E36F3 /* MRAID.bundle */,
				7981F09E16395F85009E36F3 /* UIWebView Categories */,
			);
			path = MoPubSDK;
			sourceTree = "<group>";
		};
		7981F05F16395F85009E36F3 /* Friend Categories */ = {
			isa = PBXGroup;
			children = (
				7981F06016395F85009E36F3 /* MPAdManager+MPAdViewFriend.h */,
				7981F06116395F85009E36F3 /* MPAdManager+MPInterstitialAdControllerFriend.h */,
				7981F06216395F85009E36F3 /* MPAdView+MPAdManagerFriend.h */,
				7981F06316395F85009E36F3 /* MPAdView+MPInterstitialAdControllerFriend.h */,
				7981F06416395F85009E36F3 /* MPInterstitialAdController+MPCustomEventAdapterFriend.h */,
			);
			path = "Friend Categories";
			sourceTree = "<group>";
		};
		7981F08E16395F85009E36F3 /* MRAID */ = {
			isa = PBXGroup;
			children = (
				7981F08F16395F85009E36F3 /* LICENSE */,
				7981F09016395F85009E36F3 /* MRAdView+Controllers.h */,
				7981F09116395F85009E36F3 /* MRAdView.h */,
				7981F09216395F85009E36F3 /* MRAdView.m */,
				7981F09316395F85009E36F3 /* MRAdViewBrowsingController.h */,
				7981F09416395F85009E36F3 /* MRAdViewBrowsingController.m */,
				7981F09516395F85009E36F3 /* MRAdViewDisplayController.h */,
				7981F09616395F85009E36F3 /* MRAdViewDisplayController.m */,
				7981F09716395F85009E36F3 /* MRCommand.h */,
				7981F09816395F85009E36F3 /* MRCommand.m */,
				7981F09916395F85009E36F3 /* MRDimmingView.h */,
				7981F09A16395F85009E36F3 /* MRDimmingView.m */,
				7981F09B16395F85009E36F3 /* MRProperty.h */,
				7981F09C16395F85009E36F3 /* MRProperty.m */,
			);
			path = MRAID;
			sourceTree = "<group>";
		};
		7981F09E16395F85009E36F3 /* UIWebView Categories */ = {
			isa = PBXGroup;
			children = (
				7981F09F16395F85009E36F3 /* UIWebView+MPAdditions.h */,
				7981F0A016395F85009E36F3 /* UIWebView+MPAdditions.m */,
			);
			path = "UIWebView Categories";
			sourceTree = "<group>";
		};
		7981F0A116395F85009E36F3 /* TouchJSON */ = {
			isa = PBXGroup;
			children = (
				7981F0A216395F85009E36F3 /* CDataScanner.h */,
				7981F0A316395F85009E36F3 /* CDataScanner.m */,
				7981F0A416395F85009E36F3 /* Experimental */,
				7981F0AD16395F85009E36F3 /* Extensions */,
				7981F0B216395F85009E36F3 /* JSON */,
				7981F0BA16395F85009E36F3 /* LICENSE.txt */,
				7981F0BB16395F85009E36F3 /* README.markdown */,
			);
			path = TouchJSON;
			sourceTree = "<group>";
		};
		7981F0A416395F85009E36F3 /* Experimental */ = {
			isa = PBXGroup;
			children = (
				7981F0A516395F85009E36F3 /* CFilteringJSONSerializer.h */,
				7981F0A616395F85009E36F3 /* CFilteringJSONSerializer.m */,
				7981F0A716395F85009E36F3 /* CJSONDeserializer_BlocksExtensions.h */,
				7981F0A816395F85009E36F3 /* CJSONDeserializer_BlocksExtensions.m */,
				7981F0A916395F85009E36F3 /* CJSONSerialization.h */,
				7981F0AA16395F85009E36F3 /* CJSONSerialization.m */,
				7981F0AB16395F85009E36F3 /* CJSONSerializedData.h */,
				7981F0AC16395F85009E36F3 /* CJSONSerializedData.m */,
			);
			path = Experimental;
			sourceTree = "<group>";
		};
		7981F0AD16395F85009E36F3 /* Extensions */ = {
			isa = PBXGroup;
			children = (
				7981F0AE16395F85009E36F3 /* CDataScanner_Extensions.h */,
				7981F0AF16395F85009E36F3 /* CDataScanner_Extensions.m */,
				7981F0B016395F85009E36F3 /* NSDictionary_JSONExtensions.h */,
				7981F0B116395F85009E36F3 /* NSDictionary_JSONExtensions.m */,
			);
			path = Extensions;
			sourceTree = "<group>";
		};
		7981F0B216395F85009E36F3 /* JSON */ = {
			isa = PBXGroup;
			children = (
				7981F0B316395F85009E36F3 /* CJSONDeserializer.h */,
				7981F0B416395F85009E36F3 /* CJSONDeserializer.m */,
				7981F0B516395F85009E36F3 /* CJSONScanner.h */,
				7981F0B616395F85009E36F3 /* CJSONScanner.m */,
				7981F0B716395F85009E36F3 /* CJSONSerializer.h */,
				7981F0B816395F85009E36F3 /* CJSONSerializer.m */,
				7981F0B916395F85009E36F3 /* JSONRepresentation.h */,
			);
			path = JSON;
			sourceTree = "<group>";
		};
		79A6D47D1636C14C009DA60A = {
			isa = PBXGroup;
			children = (
				7981F05E16395F85009E36F3 /* MoPubSDK */,
				7981F0A116395F85009E36F3 /* TouchJSON */,
				79A6D48D1636C14D009DA60A /* MoPubIosExtension */,
				79A6D48A1636C14D009DA60A /* Frameworks */,
				79A6D4891636C14D009DA60A /* Products */,
			);
			sourceTree = "<group>";
		};
		79A6D4891636C14D009DA60A /* Products */ = {
			isa = PBXGroup;
			children = (
				79A6D4881636C14D009DA60A /* libMoPubIosExtension.a */,
			);
			name = Products;
			sourceTree = "<group>";
		};
		79A6D48A1636C14D009DA60A /* Frameworks */ = {
			isa = PBXGroup;
			children = (
				79A6D52A1636DFB1009DA60A /* CoreLocation.framework */,
				79A6D52B1636DFB1009DA60A /* iAd.framework */,
				79A6D52C1636DFB1009DA60A /* StoreKit.framework */,
				79A6D52D1636DFB1009DA60A /* UIKit.framework */,
				79A6D48B1636C14D009DA60A /* Foundation.framework */,
			);
			name = Frameworks;
			sourceTree = "<group>";
		};
		79A6D48D1636C14D009DA60A /* MoPubIosExtension */ = {
			isa = PBXGroup;
			children = (
				79A6D4A61636DB1D009DA60A /* MoPub_TypeConversion.h */,
				79A6D4A71636DB1D009DA60A /* MoPub_TypeConversion.m */,
				79A6D49F1636D8DA009DA60A /* FlashRuntimeExtensions.h */,
				79A6D4921636C14D009DA60A /* MoPubIosExtension.m */,
				79A6D5331636E4A9009DA60A /* MoPubBanner.h */,
				79A6D5341636E4A9009DA60A /* MoPubBanner.m */,
				798280F71638070D00DC7413 /* MoPub_Messages.h */,
			);
			path = MoPubIosExtension;
			sourceTree = "<group>";
		};
/* End PBXGroup section */

/* Begin PBXNativeTarget section */
		79A6D4871636C14C009DA60A /* MoPubIosExtension */ = {
			isa = PBXNativeTarget;
			buildConfigurationList = 79A6D4961636C14D009DA60A /* Build configuration list for PBXNativeTarget "MoPubIosExtension" */;
			buildPhases = (
				79A6D4841636C14C009DA60A /* Sources */,
				79A6D4851636C14C009DA60A /* Frameworks */,
				79A6D4861636C14C009DA60A /* CopyFiles */,
			);
			buildRules = (
			);
			dependencies = (
			);
			name = MoPubIosExtension;
			productName = MoPubIosExtension;
			productReference = 79A6D4881636C14D009DA60A /* libMoPubIosExtension.a */;
			productType = "com.apple.product-type.library.static";
		};
/* End PBXNativeTarget section */

/* Begin PBXProject section */
		79A6D47F1636C14C009DA60A /* Project object */ = {
			isa = PBXProject;
			attributes = {
				LastUpgradeCheck = 0450;
				ORGANIZATIONNAME = "Richard Lord";
			};
			buildConfigurationList = 79A6D4821636C14C009DA60A /* Build configuration list for PBXProject "MoPubIosExtension" */;
			compatibilityVersion = "Xcode 3.2";
			developmentRegion = English;
			hasScannedForEncodings = 0;
			knownRegions = (
				en,
			);
			mainGroup = 79A6D47D1636C14C009DA60A;
			productRefGroup = 79A6D4891636C14D009DA60A /* Products */;
			projectDirPath = "";
			projectRoot = "";
			targets = (
				79A6D4871636C14C009DA60A /* MoPubIosExtension */,
			);
		};
/* End PBXProject section */

/* Begin PBXSourcesBuildPhase section */
		79A6D4841636C14C009DA60A /* Sources */ = {
			isa = PBXSourcesBuildPhase;
			buildActionMask = 2147483647;
			files = (
				79A6D4931636C14D009DA60A /* MoPubIosExtension.m in Sources */,
				79A6D4A81636DB1D009DA60A /* MoPub_TypeConversion.m in Sources */,
				79A6D5351636E4A9009DA60A /* MoPubBanner.m in Sources */,
				7981F0BC16395F85009E36F3 /* MPAdapterMap.m in Sources */,
				7981F0BD16395F85009E36F3 /* MPAdBrowserController.m in Sources */,
				7981F0BE16395F85009E36F3 /* MPAdConversionTracker.m in Sources */,
				7981F0BF16395F85009E36F3 /* MPAdManager.m in Sources */,
				7981F0C016395F85009E36F3 /* MPAdView.m in Sources */,
				7981F0C116395F85009E36F3 /* MPBaseAdapter.m in Sources */,
				7981F0C216395F85009E36F3 /* MPBaseInterstitialAdapter.m in Sources */,
				7981F0C316395F85009E36F3 /* MPCustomEventAdapter.m in Sources */,
				7981F0C416395F85009E36F3 /* MPFacebookKeywordProvider.m in Sources */,
				7981F0C516395F85009E36F3 /* MPGlobal.m in Sources */,
				7981F0C616395F85009E36F3 /* MPInterstitialAdapter.m in Sources */,
				7981F0C716395F85009E36F3 /* MPInterstitialAdController.m in Sources */,
				7981F0C816395F85009E36F3 /* MPLogging.m in Sources */,
				7981F0C916395F85009E36F3 /* MPMraidAdapter.m in Sources */,
				7981F0CA16395F85009E36F3 /* MPMraidInterstitialAdapter.m in Sources */,
				7981F0CB16395F85009E36F3 /* MPProgressOverlayView.m in Sources */,
				7981F0CC16395F85009E36F3 /* MPStore.m in Sources */,
				7981F0CD16395F85009E36F3 /* MPTimer.m in Sources */,
				7981F0CE16395F85009E36F3 /* MRAdView.m in Sources */,
				7981F0CF16395F85009E36F3 /* MRAdViewBrowsingController.m in Sources */,
				7981F0D016395F85009E36F3 /* MRAdViewDisplayController.m in Sources */,
				7981F0D116395F85009E36F3 /* MRCommand.m in Sources */,
				7981F0D216395F85009E36F3 /* MRDimmingView.m in Sources */,
				7981F0D316395F85009E36F3 /* MRProperty.m in Sources */,
				7981F0D416395F85009E36F3 /* UIWebView+MPAdditions.m in Sources */,
				7981F0D516395F85009E36F3 /* CDataScanner.m in Sources */,
				7981F0D616395F85009E36F3 /* CFilteringJSONSerializer.m in Sources */,
				7981F0D716395F85009E36F3 /* CJSONDeserializer_BlocksExtensions.m in Sources */,
				7981F0D816395F85009E36F3 /* CJSONSerialization.m in Sources */,
				7981F0D916395F85009E36F3 /* CJSONSerializedData.m in Sources */,
				7981F0DA16395F85009E36F3 /* CDataScanner_Extensions.m in Sources */,
				7981F0DB16395F85009E36F3 /* NSDictionary_JSONExtensions.m in Sources */,
				7981F0DC16395F85009E36F3 /* CJSONDeserializer.m in Sources */,
				7981F0DD16395F85009E36F3 /* CJSONScanner.m in Sources */,
				7981F0DE16395F85009E36F3 /* CJSONSerializer.m in Sources */,
			);
			runOnlyForDeploymentPostprocessing = 0;
		};
/* End PBXSourcesBuildPhase section */

/* Begin XCBuildConfiguration section */
		79A6D4941636C14D009DA60A /* Debug */ = {
			isa = XCBuildConfiguration;
			buildSettings = {
				ALWAYS_SEARCH_USER_PATHS = NO;
				CLANG_CXX_LANGUAGE_STANDARD = "gnu++0x";
				CLANG_CXX_LIBRARY = "libc++";
				CLANG_WARN_EMPTY_BODY = YES;
				CLANG_WARN__DUPLICATE_METHOD_MATCH = YES;
				COPY_PHASE_STRIP = NO;
				GCC_C_LANGUAGE_STANDARD = gnu99;
				GCC_DYNAMIC_NO_PIC = NO;
				GCC_OPTIMIZATION_LEVEL = 0;
				GCC_PREPROCESSOR_DEFINITIONS = (
					"DEBUG=1",
					"$(inherited)",
				);
				GCC_SYMBOLS_PRIVATE_EXTERN = NO;
				GCC_WARN_ABOUT_RETURN_TYPE = YES;
				GCC_WARN_UNINITIALIZED_AUTOS = YES;
				GCC_WARN_UNUSED_VARIABLE = YES;
				IPHONEOS_DEPLOYMENT_TARGET = 6.0;
				ONLY_ACTIVE_ARCH = YES;
				SDKROOT = iphoneos;
			};
			name = Debug;
		};
		79A6D4951636C14D009DA60A /* Release */ = {
			isa = XCBuildConfiguration;
			buildSettings = {
				ALWAYS_SEARCH_USER_PATHS = NO;
				CLANG_CXX_LANGUAGE_STANDARD = "gnu++0x";
				CLANG_CXX_LIBRARY = "libc++";
				CLANG_WARN_EMPTY_BODY = YES;
				CLANG_WARN__DUPLICATE_METHOD_MATCH = YES;
				COPY_PHASE_STRIP = YES;
				GCC_C_LANGUAGE_STANDARD = gnu99;
				GCC_WARN_ABOUT_RETURN_TYPE = YES;
				GCC_WARN_UNINITIALIZED_AUTOS = YES;
				GCC_WARN_UNUSED_VARIABLE = YES;
				IPHONEOS_DEPLOYMENT_TARGET = 6.0;
				SDKROOT = iphoneos;
				VALIDATE_PRODUCT = YES;
			};
			name = Release;
		};
		79A6D4971636C14D009DA60A /* Debug */ = {
			isa = XCBuildConfiguration;
			buildSettings = {
				DSTROOT = /tmp/MoPubIosExtension.dst;
				GCC_PRECOMPILE_PREFIX_HEADER = YES;
				GCC_PREFIX_HEADER = "";
				GCC_WARN_ABOUT_POINTER_SIGNEDNESS = NO;
				IPHONEOS_DEPLOYMENT_TARGET = 4.3;
				ONLY_ACTIVE_ARCH = NO;
				OTHER_LDFLAGS = "-ObjC";
				PRODUCT_NAME = "$(TARGET_NAME)";
				SKIP_INSTALL = YES;
				TARGETED_DEVICE_FAMILY = "1,2";
			};
			name = Debug;
		};
		79A6D4981636C14D009DA60A /* Release */ = {
			isa = XCBuildConfiguration;
			buildSettings = {
				DSTROOT = /tmp/MoPubIosExtension.dst;
				GCC_PRECOMPILE_PREFIX_HEADER = YES;
				GCC_PREFIX_HEADER = "";
				GCC_WARN_ABOUT_POINTER_SIGNEDNESS = NO;
				IPHONEOS_DEPLOYMENT_TARGET = 4.3;
				ONLY_ACTIVE_ARCH = NO;
				OTHER_LDFLAGS = "-ObjC";
				PRODUCT_NAME = "$(TARGET_NAME)";
				SKIP_INSTALL = YES;
				TARGETED_DEVICE_FAMILY = "1,2";
			};
			name = Release;
		};
/* End XCBuildConfiguration section */

/* Begin XCConfigurationList section */
		79A6D4821636C14C009DA60A /* Build configuration list for PBXProject "MoPubIosExtension" */ = {
			isa = XCConfigurationList;
			buildConfigurations = (
				79A6D4941636C14D009DA60A /* Debug */,
				79A6D4951636C14D009DA60A /* Release */,
			);
			defaultConfigurationIsVisible = 0;
			defaultConfigurationName = Release;
		};
		79A6D4961636C14D009DA60A /* Build configuration list for PBXNativeTarget "MoPubIosExtension" */ = {
			isa = XCConfigurationList;
			buildConfigurations = (
				79A6D4971636C14D009DA60A /* Debug */,
				79A6D4981636C14D009DA60A /* Release */,
			);
			defaultConfigurationIsVisible = 0;
			defaultConfigurationName = Release;
		};
/* End XCConfigurationList section */
	};
	rootObject = 79A6D47F1636C14C009DA60A /* Project object */;
}
